
Microsoft Visual Studio Solution File, Format Version 12.00
# Visual Studio Version 16
VisualStudioVersion = 16.0.29806.167
MinimumVisualStudioVersion = 10.0.40219.1
Project("{8BC9CEB8-8B4A-11D0-8D11-00A0C91BC942}") = "UI_Vaja1", "UI_Vaja1\UI_Vaja1.vcxproj", "{BD0823F1-32E2-4E1F-9BD9-20B890B3AE27}"
EndProject
Global
	GlobalSection(SolutionConfigurationPlatforms) = preSolution
		Debug|x64 = Debug|x64
		Debug|x86 = Debug|x86
		Release|x64 = Release|x64
		Release|x86 = Release|x86
	EndGlobalSection
	GlobalSection(ProjectConfigurationPlatforms) = postSolution
		{BD0823F1-32E2-4E1F-9BD9-20B890B3AE27}.Debug|x64.ActiveCfg = Debug|x64
		{BD0823F1-32E2-4E1F-9BD9-20B890B3AE27}.Debug|x64.Build.0 = Debug|x64
		{BD0823F1-32E2-4E1F-9BD9-20B890B3AE27}.Debug|x86.ActiveCfg = Debug|Win32
		{BD0823F1-32E2-4E1F-9BD9-20B890B3AE27}.Debug|x86.Build.0 = Debug|Win32
		{BD0823F1-32E2-4E1F-9BD9-20B890B3AE27}.Release|x64.ActiveCfg = Release|x64
		{BD0823F1-32E2-4E1F-9BD9-20B890B3AE27}.Release|x64.Build.0 = Release|x64
		{BD0823F1-32E2-4E1F-9BD9-20B890B3AE27}.Release|x86.ActiveCfg = Release|Win32
		{BD0823F1-32E2-4E1F-9BD9-20B890B3AE27}.Release|x86.Build.0 = Release|Win32
	EndGlobalSection
	GlobalSection(SolutionProperties) = preSolution
		HideSolutionNode = FALSE
	EndGlobalSection
	GlobalSection(ExtensibilityGlobals) = postSolution
		SolutionGuid = {0A5F70CC-61BC-404C-84BD-69293D7ACA84}
	EndGlobalSection
EndGlobal
